Microsoft Visual Studio Solution File, Format Version 12.00
# Visual Studio Version 16
VisualStudioVersion = 16.0.29519.161
MinimumVisualStudioVersion = 10.0.40219.1
Project("{FAE04EC0-301F-11D3-BF4B-00C04F79EFBC}") = "SAPMouse", "SAPMouse\SAPMouse.csproj", "{D9696E24-B615-4365-A875-B7028B2EE572}"
EndProject
Global
	GlobalSection(SolutionConfigurationPlatforms) = preSolution
		Debug|Any CPU = Debug|Any CPU
		Debug|x64 = Debug|x64
		Release|Any CPU = Release|Any CPU
		Release|x64 = Release|x64
	EndGlobalSection
	GlobalSection(ProjectConfigurationPlatforms) = postSolution
		{D9696E24-B615-4365-A875-B7028B2EE572}.Debug|Any CPU.ActiveCfg = Debug|Any CPU
		{D9696E24-B615-4365-A875-B7028B2EE572}.Debug|Any CPU.Build.0 = Debug|Any CPU
		{D9696E24-B615-4365-A875-B7028B2EE572}.Debug|x64.ActiveCfg = Debug|x64
		{D9696E24-B615-4365-A875-B7028B2EE572}.Debug|x64.Build.0 = Debug|x64
		{D9696E24-B615-4365-A875-B7028B2EE572}.Release|Any CPU.ActiveCfg = Release|Any CPU
		{D9696E24-B615-4365-A875-B7028B2EE572}.Release|Any CPU.Build.0 = Release|Any CPU
		{D9696E24-B615-4365-A875-B7028B2EE572}.Release|x64.ActiveCfg = Release|x64
		{D9696E24-B615-4365-A875-B7028B2EE572}.Release|x64.Build.0 = Release|x64
	EndGlobalSection
	GlobalSection(SolutionProperties) = preSolution
		HideSolutionNode = FALSE
	EndGlobalSection
	GlobalSection(ExtensibilityGlobals) = postSolution
		SolutionGuid = {D741B5CC-5C4C-4878-9194-6EFF74664FE3}
	EndGlobalSection
EndGlobal
